
Microsoft Visual Studio Solution File, Format Version 12.00
# Visual Studio Version 17
VisualStudioVersion = 17.5.33502.453
MinimumVisualStudioVersion = 10.0.40219.1
Project("{FAE04EC0-301F-11D3-BF4B-00C04F79EFBC}") = "EfDBfirstApproachExample", "EfDBfirstApproachExample\EfDBfirstApproachExample.csproj", "{5D7A5BA8-7067-4AE9-87FD-68EEA1684434}"
EndProject
Global
	GlobalSection(SolutionConfigurationPlatforms) = preSolution
		Debug|Any CPU = Debug|Any CPU
		Release|Any CPU = Release|Any CPU
	EndGlobalSection
	GlobalSection(ProjectConfigurationPlatforms) = postSolution
		{5D7A5BA8-7067-4AE9-87FD-68EEA1684434}.Debug|Any CPU.ActiveCfg = Debug|Any CPU
		{5D7A5BA8-7067-4AE9-87FD-68EEA1684434}.Debug|Any CPU.Build.0 = Debug|Any CPU
		{5D7A5BA8-7067-4AE9-87FD-68EEA1684434}.Release|Any CPU.ActiveCfg = Release|Any CPU
		{5D7A5BA8-7067-4AE9-87FD-68EEA1684434}.Release|Any CPU.Build.0 = Release|Any CPU
	EndGlobalSection
	GlobalSection(SolutionProperties) = preSolution
		HideSolutionNode = FALSE
	EndGlobalSection
	GlobalSection(ExtensibilityGlobals) = postSolution
		SolutionGuid = {0407B634-3002-43CA-914E-AFC0F5307393}
	EndGlobalSection
EndGlobal
